
Microsoft Visual Studio Solution File, Format Version 12.00
# Visual Studio Version 17
VisualStudioVersion = 17.1.31903.286
MinimumVisualStudioVersion = 10.0.40219.1
Project("{11A8DD76-328B-46DF-9F39-F559912D0360}") = "SmartHome.NF", "SmartHome.NF\SmartHome.NF.nfproj", "{694BF103-0618-4907-9F5A-866EBC1AFD0C}"
EndProject
Project("{9A19103F-16F7-4668-BE54-9A1E7A4F7556}") = "AzureFunctions", "AzureFunctions\AzureFunctions.csproj", "{8D84DEA4-FA44-4888-A9E4-D63FA6691F6C}"
EndProject
Project("{2150E333-8FDC-42A3-9474-1A3956D46DE8}") = "Scripts", "Scripts", "{5E1C8C28-CB59-4500-AFFC-B93CD82CE91F}"
	ProjectSection(SolutionItems) = preProject
		DeployToSmartHomePi.txt = DeployToSmartHomePi.txt
		IotHubEventsListener.ps1 = IotHubEventsListener.ps1
	EndProjectSection
EndProject
Project("{11A8DD76-328B-46DF-9F39-F559912D0360}") = "ControlPanel", "ControlPanel\ControlPanel.nfproj", "{A6FDBD27-591D-4038-94AC-6FFFFB8F0DED}"
EndProject
Project("{11A8DD76-328B-46DF-9F39-F559912D0360}") = "RemoteDisplay", "RemoteDisplay\RemoteDisplay.nfproj", "{06D0911D-B2D8-4F79-B2EE-0BDA14DAD9E3}"
EndProject
Project("{11A8DD76-328B-46DF-9F39-F559912D0360}") = "NFLibs", "NFLibs\NFLibs.nfproj", "{0B3DA6EC-B274-4DB3-AC4B-8F25CC1F7550}"
EndProject
Project("{11A8DD76-328B-46DF-9F39-F559912D0360}") = "Max7219", "..\nanoFramework.IoT.Device\devices\Max7219\Max7219.nfproj", "{3A37D355-4CF4-4F27-9121-13B3BAE131ED}"
EndProject
Project("{2150E333-8FDC-42A3-9474-1A3956D46DE8}") = "Devices", "Devices", "{B50847A3-0558-4B37-B036-CD5F7DEF933E}"
EndProject
Project("{11A8DD76-328B-46DF-9F39-F559912D0360}") = "Sandbox", "Hcsr04_Test\Sandbox.nfproj", "{52363FA3-50C2-4AD9-8094-FC898C81F4C7}"
EndProject
Project("{2150E333-8FDC-42A3-9474-1A3956D46DE8}") = "Libs", "Libs", "{0FC44A16-58E5-4965-879D-A702BA4861A7}"
EndProject
Project("{11A8DD76-328B-46DF-9F39-F559912D0360}") = "WifiLib", "WifiLib\WifiLib.nfproj", "{62BE69DA-3571-440D-AD1A-2F339B8F0566}"
EndProject
Project("{2150E333-8FDC-42A3-9474-1A3956D46DE8}") = "Tests", "Tests", "{65E26E51-1BD7-4AE3-B557-45892C739814}"
EndProject
Project("{11A8DD76-328B-46DF-9F39-F559912D0360}") = "NFUnitTest", "NFUnitTest\NFUnitTest.nfproj", "{BA3D2FC3-6B68-4446-B78F-22D2B959A5B7}"
EndProject
Project("{11A8DD76-328B-46DF-9F39-F559912D0360}") = "ExtensionMethods", "ExtensionMethods\ExtensionMethods.nfproj", "{35C817D7-CBEC-4336-B2AC-0614A195A649}"
EndProject
Project("{2150E333-8FDC-42A3-9474-1A3956D46DE8}") = "Solution Items", "Solution Items", "{F9215E1E-48A8-4645-A386-353A485E6C36}"
	ProjectSection(SolutionItems) = preProject
		.gitignore = .gitignore
		Dockerfile = Dockerfile
	EndProjectSection
EndProject
Project("{9A19103F-16F7-4668-BE54-9A1E7A4F7556}") = "SharedContracts", "Shared.Contracts\SharedContracts.csproj", "{6116DC9B-B2C8-4B9B-A6C1-6B8FBF9665BE}"
EndProject
Project("{9A19103F-16F7-4668-BE54-9A1E7A4F7556}") = "PowerDog.Tests", "PowerDog.Tests\PowerDog.Tests.csproj", "{05295B68-804C-427E-9AA3-B61A047F2542}"
EndProject
Project("{9A19103F-16F7-4668-BE54-9A1E7A4F7556}") = "Smarthome.Web", "Smarthome.Web\Smarthome.Web.csproj", "{5B2CAF29-EC71-4552-9D1F-AC7C04214D7C}"
EndProject
Project("{9A19103F-16F7-4668-BE54-9A1E7A4F7556}") = "Secrets", "..\..\..\..\OneDrive - agilemax\Makers\SmartHome\Secrets\Secrets.csproj", "{455E54BE-1DC0-42EB-B29A-07DD8506FE6F}"
EndProject
Project("{9A19103F-16F7-4668-BE54-9A1E7A4F7556}") = "Keba.Tests", "Keba.Tests\Keba.Tests.csproj", "{70ED027E-E156-494D-A7BD-E6392FEF03E5}"
EndProject
Project("{9A19103F-16F7-4668-BE54-9A1E7A4F7556}") = "HelpersLib", "HelpersLib\HelpersLib.csproj", "{5F2521E0-8952-452F-B615-61B72EE5FD02}"
EndProject
Project("{2150E333-8FDC-42A3-9474-1A3956D46DE8}") = "Services", "Services", "{0E878E25-080D-4396-B729-4B22C2D21F9E}"
EndProject
Project("{9A19103F-16F7-4668-BE54-9A1E7A4F7556}") = "ChargingControlController", "ChargingControlController\ChargingControlController.csproj", "{141D7018-2AB3-4E55-AAD7-2F7A0603BF85}"
EndProject
Project("{9A19103F-16F7-4668-BE54-9A1E7A4F7556}") = "PowerDogLib", "PowerDog\PowerDogLib.csproj", "{92EC2B06-8607-4E97-B110-253F271371DA}"
EndProject
Project("{9A19103F-16F7-4668-BE54-9A1E7A4F7556}") = "KebaLib", "KebaLib\KebaLib.csproj", "{E2346F99-AD19-4A6D-B131-39B4B311D28C}"
EndProject
Project("{9A19103F-16F7-4668-BE54-9A1E7A4F7556}") = "PVService", "PVService\PVService.csproj", "{B5B7C3B3-C94D-4EBA-9151-AFB3CBA57701}"
EndProject
Project("{9A19103F-16F7-4668-BE54-9A1E7A4F7556}") = "ChargingService", "ChargingService\ChargingService.csproj", "{C7158F1F-1A7C-4246-ABC7-E55F433DAD69}"
EndProject
Global
	GlobalSection(SolutionConfigurationPlatforms) = preSolution
		Debug|Any CPU = Debug|Any CPU
		Dev|Any CPU = Dev|Any CPU
		Release|Any CPU = Release|Any CPU
	EndGlobalSection
	GlobalSection(ProjectConfigurationPlatforms) = postSolution
		{694BF103-0618-4907-9F5A-866EBC1AFD0C}.Debug|Any CPU.ActiveCfg = Debug|Any CPU
		{694BF103-0618-4907-9F5A-866EBC1AFD0C}.Debug|Any CPU.Build.0 = Debug|Any CPU
		{694BF103-0618-4907-9F5A-866EBC1AFD0C}.Debug|Any CPU.Deploy.0 = Debug|Any CPU
		{694BF103-0618-4907-9F5A-866EBC1AFD0C}.Dev|Any CPU.ActiveCfg = Debug|Any CPU
		{694BF103-0618-4907-9F5A-866EBC1AFD0C}.Dev|Any CPU.Build.0 = Debug|Any CPU
		{694BF103-0618-4907-9F5A-866EBC1AFD0C}.Dev|Any CPU.Deploy.0 = Debug|Any CPU
		{694BF103-0618-4907-9F5A-866EBC1AFD0C}.Release|Any CPU.ActiveCfg = Release|Any CPU
		{694BF103-0618-4907-9F5A-866EBC1AFD0C}.Release|Any CPU.Build.0 = Release|Any CPU
		{694BF103-0618-4907-9F5A-866EBC1AFD0C}.Release|Any CPU.Deploy.0 = Release|Any CPU
		{8D84DEA4-FA44-4888-A9E4-D63FA6691F6C}.Debug|Any CPU.ActiveCfg = Debug|Any CPU
		{8D84DEA4-FA44-4888-A9E4-D63FA6691F6C}.Debug|Any CPU.Build.0 = Debug|Any CPU
		{8D84DEA4-FA44-4888-A9E4-D63FA6691F6C}.Dev|Any CPU.ActiveCfg = Dev|Any CPU
		{8D84DEA4-FA44-4888-A9E4-D63FA6691F6C}.Dev|Any CPU.Build.0 = Dev|Any CPU
		{8D84DEA4-FA44-4888-A9E4-D63FA6691F6C}.Release|Any CPU.ActiveCfg = Release|Any CPU
		{8D84DEA4-FA44-4888-A9E4-D63FA6691F6C}.Release|Any CPU.Build.0 = Release|Any CPU
		{A6FDBD27-591D-4038-94AC-6FFFFB8F0DED}.Debug|Any CPU.ActiveCfg = Debug|Any CPU
		{A6FDBD27-591D-4038-94AC-6FFFFB8F0DED}.Debug|Any CPU.Build.0 = Debug|Any CPU
		{A6FDBD27-591D-4038-94AC-6FFFFB8F0DED}.Debug|Any CPU.Deploy.0 = Debug|Any CPU
		{A6FDBD27-591D-4038-94AC-6FFFFB8F0DED}.Dev|Any CPU.ActiveCfg = Dev|Any CPU
		{A6FDBD27-591D-4038-94AC-6FFFFB8F0DED}.Dev|Any CPU.Build.0 = Dev|Any CPU
		{A6FDBD27-591D-4038-94AC-6FFFFB8F0DED}.Dev|Any CPU.Deploy.0 = Dev|Any CPU
		{A6FDBD27-591D-4038-94AC-6FFFFB8F0DED}.Release|Any CPU.ActiveCfg = Release|Any CPU
		{A6FDBD27-591D-4038-94AC-6FFFFB8F0DED}.Release|Any CPU.Build.0 = Release|Any CPU
		{A6FDBD27-591D-4038-94AC-6FFFFB8F0DED}.Release|Any CPU.Deploy.0 = Release|Any CPU
		{06D0911D-B2D8-4F79-B2EE-0BDA14DAD9E3}.Debug|Any CPU.ActiveCfg = Debug|Any CPU
		{06D0911D-B2D8-4F79-B2EE-0BDA14DAD9E3}.Debug|Any CPU.Build.0 = Debug|Any CPU
		{06D0911D-B2D8-4F79-B2EE-0BDA14DAD9E3}.Debug|Any CPU.Deploy.0 = Debug|Any CPU
		{06D0911D-B2D8-4F79-B2EE-0BDA14DAD9E3}.Dev|Any CPU.ActiveCfg = Dev|Any CPU
		{06D0911D-B2D8-4F79-B2EE-0BDA14DAD9E3}.Dev|Any CPU.Build.0 = Dev|Any CPU
		{06D0911D-B2D8-4F79-B2EE-0BDA14DAD9E3}.Dev|Any CPU.Deploy.0 = Dev|Any CPU
		{06D0911D-B2D8-4F79-B2EE-0BDA14DAD9E3}.Release|Any CPU.ActiveCfg = Release|Any CPU
		{06D0911D-B2D8-4F79-B2EE-0BDA14DAD9E3}.Release|Any CPU.Build.0 = Release|Any CPU
		{06D0911D-B2D8-4F79-B2EE-0BDA14DAD9E3}.Release|Any CPU.Deploy.0 = Release|Any CPU
		{0B3DA6EC-B274-4DB3-AC4B-8F25CC1F7550}.Debug|Any CPU.ActiveCfg = Debug|Any CPU
		{0B3DA6EC-B274-4DB3-AC4B-8F25CC1F7550}.Debug|Any CPU.Build.0 = Debug|Any CPU
		{0B3DA6EC-B274-4DB3-AC4B-8F25CC1F7550}.Debug|Any CPU.Deploy.0 = Debug|Any CPU
		{0B3DA6EC-B274-4DB3-AC4B-8F25CC1F7550}.Dev|Any CPU.ActiveCfg = Dev|Any CPU
		{0B3DA6EC-B274-4DB3-AC4B-8F25CC1F7550}.Dev|Any CPU.Build.0 = Dev|Any CPU
		{0B3DA6EC-B274-4DB3-AC4B-8F25CC1F7550}.Dev|Any CPU.Deploy.0 = Dev|Any CPU
		{0B3DA6EC-B274-4DB3-AC4B-8F25CC1F7550}.Release|Any CPU.ActiveCfg = Release|Any CPU
		{0B3DA6EC-B274-4DB3-AC4B-8F25CC1F7550}.Release|Any CPU.Build.0 = Release|Any CPU
		{0B3DA6EC-B274-4DB3-AC4B-8F25CC1F7550}.Release|Any CPU.Deploy.0 = Release|Any CPU
		{3A37D355-4CF4-4F27-9121-13B3BAE131ED}.Debug|Any CPU.ActiveCfg = Debug|Any CPU
		{3A37D355-4CF4-4F27-9121-13B3BAE131ED}.Debug|Any CPU.Build.0 = Debug|Any CPU
		{3A37D355-4CF4-4F27-9121-13B3BAE131ED}.Debug|Any CPU.Deploy.0 = Debug|Any CPU
		{3A37D355-4CF4-4F27-9121-13B3BAE131ED}.Dev|Any CPU.ActiveCfg = Dev|Any CPU
		{3A37D355-4CF4-4F27-9121-13B3BAE131ED}.Dev|Any CPU.Build.0 = Dev|Any CPU
		{3A37D355-4CF4-4F27-9121-13B3BAE131ED}.Dev|Any CPU.Deploy.0 = Dev|Any CPU
		{3A37D355-4CF4-4F27-9121-13B3BAE131ED}.Release|Any CPU.ActiveCfg = Release|Any CPU
		{3A37D355-4CF4-4F27-9121-13B3BAE131ED}.Release|Any CPU.Build.0 = Release|Any CPU
		{3A37D355-4CF4-4F27-9121-13B3BAE131ED}.Release|Any CPU.Deploy.0 = Release|Any CPU
		{52363FA3-50C2-4AD9-8094-FC898C81F4C7}.Debug|Any CPU.ActiveCfg = Debug|Any CPU
		{52363FA3-50C2-4AD9-8094-FC898C81F4C7}.Debug|Any CPU.Build.0 = Debug|Any CPU
		{52363FA3-50C2-4AD9-8094-FC898C81F4C7}.Debug|Any CPU.Deploy.0 = Debug|Any CPU
		{52363FA3-50C2-4AD9-8094-FC898C81F4C7}.Dev|Any CPU.ActiveCfg = Dev|Any CPU
		{52363FA3-50C2-4AD9-8094-FC898C81F4C7}.Dev|Any CPU.Build.0 = Dev|Any CPU
		{52363FA3-50C2-4AD9-8094-FC898C81F4C7}.Dev|Any CPU.Deploy.0 = Dev|Any CPU
		{52363FA3-50C2-4AD9-8094-FC898C81F4C7}.Release|Any CPU.ActiveCfg = Release|Any CPU
		{52363FA3-50C2-4AD9-8094-FC898C81F4C7}.Release|Any CPU.Build.0 = Release|Any CPU
		{52363FA3-50C2-4AD9-8094-FC898C81F4C7}.Release|Any CPU.Deploy.0 = Release|Any CPU
		{62BE69DA-3571-440D-AD1A-2F339B8F0566}.Debug|Any CPU.ActiveCfg = Debug|Any CPU
		{62BE69DA-3571-440D-AD1A-2F339B8F0566}.Debug|Any CPU.Build.0 = Debug|Any CPU
		{62BE69DA-3571-440D-AD1A-2F339B8F0566}.Debug|Any CPU.Deploy.0 = Debug|Any CPU
		{62BE69DA-3571-440D-AD1A-2F339B8F0566}.Dev|Any CPU.ActiveCfg = DEV|Any CPU
		{62BE69DA-3571-440D-AD1A-2F339B8F0566}.Dev|Any CPU.Build.0 = DEV|Any CPU
		{62BE69DA-3571-440D-AD1A-2F339B8F0566}.Dev|Any CPU.Deploy.0 = DEV|Any CPU
		{62BE69DA-3571-440D-AD1A-2F339B8F0566}.Release|Any CPU.ActiveCfg = Release|Any CPU
		{62BE69DA-3571-440D-AD1A-2F339B8F0566}.Release|Any CPU.Build.0 = Release|Any CPU
		{62BE69DA-3571-440D-AD1A-2F339B8F0566}.Release|Any CPU.Deploy.0 = Release|Any CPU
		{BA3D2FC3-6B68-4446-B78F-22D2B959A5B7}.Debug|Any CPU.ActiveCfg = Debug|Any CPU
		{BA3D2FC3-6B68-4446-B78F-22D2B959A5B7}.Debug|Any CPU.Build.0 = Debug|Any CPU
		{BA3D2FC3-6B68-4446-B78F-22D2B959A5B7}.Debug|Any CPU.Deploy.0 = Debug|Any CPU
		{BA3D2FC3-6B68-4446-B78F-22D2B959A5B7}.Dev|Any CPU.ActiveCfg = DEV|Any CPU
		{BA3D2FC3-6B68-4446-B78F-22D2B959A5B7}.Dev|Any CPU.Build.0 = DEV|Any CPU
		{BA3D2FC3-6B68-4446-B78F-22D2B959A5B7}.Dev|Any CPU.Deploy.0 = DEV|Any CPU
		{BA3D2FC3-6B68-4446-B78F-22D2B959A5B7}.Release|Any CPU.ActiveCfg = Release|Any CPU
		{BA3D2FC3-6B68-4446-B78F-22D2B959A5B7}.Release|Any CPU.Build.0 = Release|Any CPU
		{BA3D2FC3-6B68-4446-B78F-22D2B959A5B7}.Release|Any CPU.Deploy.0 = Release|Any CPU
		{35C817D7-CBEC-4336-B2AC-0614A195A649}.Debug|Any CPU.ActiveCfg = Debug|Any CPU
		{35C817D7-CBEC-4336-B2AC-0614A195A649}.Debug|Any CPU.Build.0 = Debug|Any CPU
		{35C817D7-CBEC-4336-B2AC-0614A195A649}.Debug|Any CPU.Deploy.0 = Debug|Any CPU
		{35C817D7-CBEC-4336-B2AC-0614A195A649}.Dev|Any CPU.ActiveCfg = DEV|Any CPU
		{35C817D7-CBEC-4336-B2AC-0614A195A649}.Dev|Any CPU.Build.0 = DEV|Any CPU
		{35C817D7-CBEC-4336-B2AC-0614A195A649}.Dev|Any CPU.Deploy.0 = DEV|Any CPU
		{35C817D7-CBEC-4336-B2AC-0614A195A649}.Release|Any CPU.ActiveCfg = Release|Any CPU
		{35C817D7-CBEC-4336-B2AC-0614A195A649}.Release|Any CPU.Build.0 = Release|Any CPU
		{35C817D7-CBEC-4336-B2AC-0614A195A649}.Release|Any CPU.Deploy.0 = Release|Any CPU
		{6116DC9B-B2C8-4B9B-A6C1-6B8FBF9665BE}.Debug|Any CPU.ActiveCfg = Debug|Any CPU
		{6116DC9B-B2C8-4B9B-A6C1-6B8FBF9665BE}.Debug|Any CPU.Build.0 = Debug|Any CPU
		{6116DC9B-B2C8-4B9B-A6C1-6B8FBF9665BE}.Dev|Any CPU.ActiveCfg = Debug|Any CPU
		{6116DC9B-B2C8-4B9B-A6C1-6B8FBF9665BE}.Dev|Any CPU.Build.0 = Debug|Any CPU
		{6116DC9B-B2C8-4B9B-A6C1-6B8FBF9665BE}.Release|Any CPU.ActiveCfg = Release|Any CPU
		{6116DC9B-B2C8-4B9B-A6C1-6B8FBF9665BE}.Release|Any CPU.Build.0 = Release|Any CPU
		{05295B68-804C-427E-9AA3-B61A047F2542}.Debug|Any CPU.ActiveCfg = Debug|Any CPU
		{05295B68-804C-427E-9AA3-B61A047F2542}.Debug|Any CPU.Build.0 = Debug|Any CPU
		{05295B68-804C-427E-9AA3-B61A047F2542}.Dev|Any CPU.ActiveCfg = Debug|Any CPU
		{05295B68-804C-427E-9AA3-B61A047F2542}.Dev|Any CPU.Build.0 = Debug|Any CPU
		{05295B68-804C-427E-9AA3-B61A047F2542}.Release|Any CPU.ActiveCfg = Release|Any CPU
		{05295B68-804C-427E-9AA3-B61A047F2542}.Release|Any CPU.Build.0 = Release|Any CPU
		{5B2CAF29-EC71-4552-9D1F-AC7C04214D7C}.Debug|Any CPU.ActiveCfg = Debug|Any CPU
		{5B2CAF29-EC71-4552-9D1F-AC7C04214D7C}.Debug|Any CPU.Build.0 = Debug|Any CPU
		{5B2CAF29-EC71-4552-9D1F-AC7C04214D7C}.Dev|Any CPU.ActiveCfg = Debug|Any CPU
		{5B2CAF29-EC71-4552-9D1F-AC7C04214D7C}.Dev|Any CPU.Build.0 = Debug|Any CPU
		{5B2CAF29-EC71-4552-9D1F-AC7C04214D7C}.Release|Any CPU.ActiveCfg = Release|Any CPU
		{5B2CAF29-EC71-4552-9D1F-AC7C04214D7C}.Release|Any CPU.Build.0 = Release|Any CPU
		{455E54BE-1DC0-42EB-B29A-07DD8506FE6F}.Debug|Any CPU.ActiveCfg = Debug|Any CPU
		{455E54BE-1DC0-42EB-B29A-07DD8506FE6F}.Debug|Any CPU.Build.0 = Debug|Any CPU
		{455E54BE-1DC0-42EB-B29A-07DD8506FE6F}.Dev|Any CPU.ActiveCfg = Debug|Any CPU
		{455E54BE-1DC0-42EB-B29A-07DD8506FE6F}.Dev|Any CPU.Build.0 = Debug|Any CPU
		{455E54BE-1DC0-42EB-B29A-07DD8506FE6F}.Release|Any CPU.ActiveCfg = Release|Any CPU
		{455E54BE-1DC0-42EB-B29A-07DD8506FE6F}.Release|Any CPU.Build.0 = Release|Any CPU
		{70ED027E-E156-494D-A7BD-E6392FEF03E5}.Debug|Any CPU.ActiveCfg = Debug|Any CPU
		{70ED027E-E156-494D-A7BD-E6392FEF03E5}.Debug|Any CPU.Build.0 = Debug|Any CPU
		{70ED027E-E156-494D-A7BD-E6392FEF03E5}.Dev|Any CPU.ActiveCfg = Debug|Any CPU
		{70ED027E-E156-494D-A7BD-E6392FEF03E5}.Dev|Any CPU.Build.0 = Debug|Any CPU
		{70ED027E-E156-494D-A7BD-E6392FEF03E5}.Release|Any CPU.ActiveCfg = Release|Any CPU
		{70ED027E-E156-494D-A7BD-E6392FEF03E5}.Release|Any CPU.Build.0 = Release|Any CPU
		{5F2521E0-8952-452F-B615-61B72EE5FD02}.Debug|Any CPU.ActiveCfg = Debug|Any CPU
		{5F2521E0-8952-452F-B615-61B72EE5FD02}.Debug|Any CPU.Build.0 = Debug|Any CPU
		{5F2521E0-8952-452F-B615-61B72EE5FD02}.Dev|Any CPU.ActiveCfg = Debug|Any CPU
		{5F2521E0-8952-452F-B615-61B72EE5FD02}.Dev|Any CPU.Build.0 = Debug|Any CPU
		{5F2521E0-8952-452F-B615-61B72EE5FD02}.Release|Any CPU.ActiveCfg = Release|Any CPU
		{5F2521E0-8952-452F-B615-61B72EE5FD02}.Release|Any CPU.Build.0 = Release|Any CPU
		{141D7018-2AB3-4E55-AAD7-2F7A0603BF85}.Debug|Any CPU.ActiveCfg = Debug|Any CPU
		{141D7018-2AB3-4E55-AAD7-2F7A0603BF85}.Debug|Any CPU.Build.0 = Debug|Any CPU
		{141D7018-2AB3-4E55-AAD7-2F7A0603BF85}.Dev|Any CPU.ActiveCfg = Debug|Any CPU
		{141D7018-2AB3-4E55-AAD7-2F7A0603BF85}.Dev|Any CPU.Build.0 = Debug|Any CPU
		{141D7018-2AB3-4E55-AAD7-2F7A0603BF85}.Release|Any CPU.ActiveCfg = Release|Any CPU
		{141D7018-2AB3-4E55-AAD7-2F7A0603BF85}.Release|Any CPU.Build.0 = Release|Any CPU
		{92EC2B06-8607-4E97-B110-253F271371DA}.Debug|Any CPU.ActiveCfg = Debug|Any CPU
		{92EC2B06-8607-4E97-B110-253F271371DA}.Debug|Any CPU.Build.0 = Debug|Any CPU
		{92EC2B06-8607-4E97-B110-253F271371DA}.Dev|Any CPU.ActiveCfg = Debug|Any CPU
		{92EC2B06-8607-4E97-B110-253F271371DA}.Dev|Any CPU.Build.0 = Debug|Any CPU
		{92EC2B06-8607-4E97-B110-253F271371DA}.Release|Any CPU.ActiveCfg = Release|Any CPU
		{92EC2B06-8607-4E97-B110-253F271371DA}.Release|Any CPU.Build.0 = Release|Any CPU
		{E2346F99-AD19-4A6D-B131-39B4B311D28C}.Debug|Any CPU.ActiveCfg = Debug|Any CPU
		{E2346F99-AD19-4A6D-B131-39B4B311D28C}.Debug|Any CPU.Build.0 = Debug|Any CPU
		{E2346F99-AD19-4A6D-B131-39B4B311D28C}.Dev|Any CPU.ActiveCfg = Debug|Any CPU
		{E2346F99-AD19-4A6D-B131-39B4B311D28C}.Dev|Any CPU.Build.0 = Debug|Any CPU
		{E2346F99-AD19-4A6D-B131-39B4B311D28C}.Release|Any CPU.ActiveCfg = Release|Any CPU
		{E2346F99-AD19-4A6D-B131-39B4B311D28C}.Release|Any CPU.Build.0 = Release|Any CPU
		{B5B7C3B3-C94D-4EBA-9151-AFB3CBA57701}.Debug|Any CPU.ActiveCfg = Debug|Any CPU
		{B5B7C3B3-C94D-4EBA-9151-AFB3CBA57701}.Debug|Any CPU.Build.0 = Debug|Any CPU
		{B5B7C3B3-C94D-4EBA-9151-AFB3CBA57701}.Dev|Any CPU.ActiveCfg = Debug|Any CPU
		{B5B7C3B3-C94D-4EBA-9151-AFB3CBA57701}.Dev|Any CPU.Build.0 = Debug|Any CPU
		{B5B7C3B3-C94D-4EBA-9151-AFB3CBA57701}.Release|Any CPU.ActiveCfg = Release|Any CPU
		{B5B7C3B3-C94D-4EBA-9151-AFB3CBA57701}.Release|Any CPU.Build.0 = Release|Any CPU
		{C7158F1F-1A7C-4246-ABC7-E55F433DAD69}.Debug|Any CPU.ActiveCfg = Debug|Any CPU
		{C7158F1F-1A7C-4246-ABC7-E55F433DAD69}.Debug|Any CPU.Build.0 = Debug|Any CPU
		{C7158F1F-1A7C-4246-ABC7-E55F433DAD69}.Dev|Any CPU.ActiveCfg = Debug|Any CPU
		{C7158F1F-1A7C-4246-ABC7-E55F433DAD69}.Dev|Any CPU.Build.0 = Debug|Any CPU
		{C7158F1F-1A7C-4246-ABC7-E55F433DAD69}.Release|Any CPU.ActiveCfg = Release|Any CPU
		{C7158F1F-1A7C-4246-ABC7-E55F433DAD69}.Release|Any CPU.Build.0 = Release|Any CPU
	EndGlobalSection
	GlobalSection(SolutionProperties) = preSolution
		HideSolutionNode = FALSE
	EndGlobalSection
	GlobalSection(NestedProjects) = preSolution
		{0B3DA6EC-B274-4DB3-AC4B-8F25CC1F7550} = {0FC44A16-58E5-4965-879D-A702BA4861A7}
		{3A37D355-4CF4-4F27-9121-13B3BAE131ED} = {B50847A3-0558-4B37-B036-CD5F7DEF933E}
		{62BE69DA-3571-440D-AD1A-2F339B8F0566} = {0FC44A16-58E5-4965-879D-A702BA4861A7}
		{BA3D2FC3-6B68-4446-B78F-22D2B959A5B7} = {65E26E51-1BD7-4AE3-B557-45892C739814}
		{05295B68-804C-427E-9AA3-B61A047F2542} = {65E26E51-1BD7-4AE3-B557-45892C739814}
		{70ED027E-E156-494D-A7BD-E6392FEF03E5} = {65E26E51-1BD7-4AE3-B557-45892C739814}
		{5F2521E0-8952-452F-B615-61B72EE5FD02} = {0FC44A16-58E5-4965-879D-A702BA4861A7}
		{141D7018-2AB3-4E55-AAD7-2F7A0603BF85} = {0E878E25-080D-4396-B729-4B22C2D21F9E}
		{92EC2B06-8607-4E97-B110-253F271371DA} = {0FC44A16-58E5-4965-879D-A702BA4861A7}
		{E2346F99-AD19-4A6D-B131-39B4B311D28C} = {0FC44A16-58E5-4965-879D-A702BA4861A7}
		{B5B7C3B3-C94D-4EBA-9151-AFB3CBA57701} = {0E878E25-080D-4396-B729-4B22C2D21F9E}
		{C7158F1F-1A7C-4246-ABC7-E55F433DAD69} = {0E878E25-080D-4396-B729-4B22C2D21F9E}
	EndGlobalSection
	GlobalSection(ExtensibilityGlobals) = postSolution
		SolutionGuid = {DD87C37E-1325-4A17-8EB9-1D6AF1EB7800}
	EndGlobalSection
EndGlobal
