
Microsoft Visual Studio Solution File, Format Version 12.00
# Visual Studio Version 17
VisualStudioVersion = 17.1.31903.286
MinimumVisualStudioVersion = 10.0.40219.1
Project("{11A8DD76-328B-46DF-9F39-F559912D0360}") = "SmartHome.NF", "SmartHome.NF\SmartHome.NF.nfproj", "{694BF103-0618-4907-9F5A-866EBC1AFD0C}"
EndProject
Project("{9A19103F-16F7-4668-BE54-9A1E7A4F7556}") = "AzureFunctions", "AzureFunctions\AzureFunctions.csproj", "{8D84DEA4-FA44-4888-A9E4-D63FA6691F6C}"
EndProject
Project("{2150E333-8FDC-42A3-9474-1A3956D46DE8}") = "Scripts", "Scripts", "{5E1C8C28-CB59-4500-AFFC-B93CD82CE91F}"
	ProjectSection(SolutionItems) = preProject
		IotHubEventsListener.ps1 = IotHubEventsListener.ps1
	EndProjectSection
EndProject
Project("{11A8DD76-328B-46DF-9F39-F559912D0360}") = "ControlPanel", "ControlPanel\ControlPanel.nfproj", "{A6FDBD27-591D-4038-94AC-6FFFFB8F0DED}"
EndProject
Project("{11A8DD76-328B-46DF-9F39-F559912D0360}") = "RemoteDisplay", "RemoteDisplay\RemoteDisplay.nfproj", "{06D0911D-B2D8-4F79-B2EE-0BDA14DAD9E3}"
EndProject
Project("{11A8DD76-328B-46DF-9F39-F559912D0360}") = "NFLibs", "NFLibs\NFLibs.nfproj", "{0B3DA6EC-B274-4DB3-AC4B-8F25CC1F7550}"
EndProject
Project("{11A8DD76-328B-46DF-9F39-F559912D0360}") = "Max7219", "..\nanoFramework.IoT.Device\devices\Max7219\Max7219.nfproj", "{3A37D355-4CF4-4F27-9121-13B3BAE131ED}"
EndProject
Project("{11A8DD76-328B-46DF-9F39-F559912D0360}") = "Bmp180", "..\nanoFramework.IoT.Device\devices\Bmp180\Bmp180.nfproj", "{89CE95AE-C6E6-47D9-8957-538442C618EF}"
EndProject
Project("{11A8DD76-328B-46DF-9F39-F559912D0360}") = "Bh1750fvi", "..\nanoFramework.IoT.Device\devices\Bh1750fvi\Bh1750fvi.nfproj", "{2A6DCC87-4291-4830-8CDC-208C5BEA65FC}"
EndProject
Project("{11A8DD76-328B-46DF-9F39-F559912D0360}") = "Shtc3", "..\nanoFramework.IoT.Device\devices\Shtc3\Shtc3.nfproj", "{9BD8BB24-BE1E-46C8-8684-B5B86B4BBAFD}"
EndProject
Project("{2150E333-8FDC-42A3-9474-1A3956D46DE8}") = "Devices", "Devices", "{B50847A3-0558-4B37-B036-CD5F7DEF933E}"
EndProject
Project("{11A8DD76-328B-46DF-9F39-F559912D0360}") = "Hcsr04.Esp32", "..\nanoFramework.IoT.Device\devices\Hcsr04.Esp32\Hcsr04.Esp32.nfproj", "{1604B2FF-FDCB-4262-A31F-D57A087B81E9}"
EndProject
Project("{11A8DD76-328B-46DF-9F39-F559912D0360}") = "Hcsr04_Test", "Hcsr04_Test\Hcsr04_Test.nfproj", "{52363FA3-50C2-4AD9-8094-FC898C81F4C7}"
EndProject
Project("{9A19103F-16F7-4668-BE54-9A1E7A4F7556}") = "SmartHome.Web.Server", "SmartHome.Web\Server\SmartHome.Web.Server.csproj", "{9D7BFD3F-8CAF-4F98-A113-0D08E2B47963}"
EndProject
Project("{9A19103F-16F7-4668-BE54-9A1E7A4F7556}") = "SmartHome.Web.Client", "SmartHome.Web\Client\SmartHome.Web.Client.csproj", "{86FAD7AB-8341-4033-BF51-45CE90CF5277}"
EndProject
Project("{9A19103F-16F7-4668-BE54-9A1E7A4F7556}") = "SmartHome.Web.Shared", "SmartHome.Web\Shared\SmartHome.Web.Shared.csproj", "{D95D3D73-2C11-4B1A-96AC-62831954AEF1}"
EndProject
Project("{2150E333-8FDC-42A3-9474-1A3956D46DE8}") = "Libs", "Libs", "{0FC44A16-58E5-4965-879D-A702BA4861A7}"
EndProject
Project("{11A8DD76-328B-46DF-9F39-F559912D0360}") = "WifiLib", "WifiLib\WifiLib.nfproj", "{62BE69DA-3571-440D-AD1A-2F339B8F0566}"
EndProject
Project("{2150E333-8FDC-42A3-9474-1A3956D46DE8}") = "Tests", "Tests", "{65E26E51-1BD7-4AE3-B557-45892C739814}"
EndProject
Project("{11A8DD76-328B-46DF-9F39-F559912D0360}") = "NFUnitTest", "NFUnitTest\NFUnitTest.nfproj", "{BA3D2FC3-6B68-4446-B78F-22D2B959A5B7}"
EndProject
Project("{11A8DD76-328B-46DF-9F39-F559912D0360}") = "ExtensionMethods", "ExtensionMethods\ExtensionMethods.nfproj", "{35C817D7-CBEC-4336-B2AC-0614A195A649}"
EndProject
Global
	GlobalSection(SolutionConfigurationPlatforms) = preSolution
		Debug|Any CPU = Debug|Any CPU
		Release|Any CPU = Release|Any CPU
	EndGlobalSection
	GlobalSection(ProjectConfigurationPlatforms) = postSolution
		{694BF103-0618-4907-9F5A-866EBC1AFD0C}.Debug|Any CPU.ActiveCfg = Debug|Any CPU
		{694BF103-0618-4907-9F5A-866EBC1AFD0C}.Debug|Any CPU.Build.0 = Debug|Any CPU
		{694BF103-0618-4907-9F5A-866EBC1AFD0C}.Debug|Any CPU.Deploy.0 = Debug|Any CPU
		{694BF103-0618-4907-9F5A-866EBC1AFD0C}.Release|Any CPU.ActiveCfg = Release|Any CPU
		{694BF103-0618-4907-9F5A-866EBC1AFD0C}.Release|Any CPU.Build.0 = Release|Any CPU
		{694BF103-0618-4907-9F5A-866EBC1AFD0C}.Release|Any CPU.Deploy.0 = Release|Any CPU
		{8D84DEA4-FA44-4888-A9E4-D63FA6691F6C}.Debug|Any CPU.ActiveCfg = Debug|Any CPU
		{8D84DEA4-FA44-4888-A9E4-D63FA6691F6C}.Debug|Any CPU.Build.0 = Debug|Any CPU
		{8D84DEA4-FA44-4888-A9E4-D63FA6691F6C}.Release|Any CPU.ActiveCfg = Release|Any CPU
		{8D84DEA4-FA44-4888-A9E4-D63FA6691F6C}.Release|Any CPU.Build.0 = Release|Any CPU
		{A6FDBD27-591D-4038-94AC-6FFFFB8F0DED}.Debug|Any CPU.ActiveCfg = Debug|Any CPU
		{A6FDBD27-591D-4038-94AC-6FFFFB8F0DED}.Debug|Any CPU.Build.0 = Debug|Any CPU
		{A6FDBD27-591D-4038-94AC-6FFFFB8F0DED}.Debug|Any CPU.Deploy.0 = Debug|Any CPU
		{A6FDBD27-591D-4038-94AC-6FFFFB8F0DED}.Release|Any CPU.ActiveCfg = Release|Any CPU
		{A6FDBD27-591D-4038-94AC-6FFFFB8F0DED}.Release|Any CPU.Build.0 = Release|Any CPU
		{A6FDBD27-591D-4038-94AC-6FFFFB8F0DED}.Release|Any CPU.Deploy.0 = Release|Any CPU
		{06D0911D-B2D8-4F79-B2EE-0BDA14DAD9E3}.Debug|Any CPU.ActiveCfg = Debug|Any CPU
		{06D0911D-B2D8-4F79-B2EE-0BDA14DAD9E3}.Debug|Any CPU.Build.0 = Debug|Any CPU
		{06D0911D-B2D8-4F79-B2EE-0BDA14DAD9E3}.Debug|Any CPU.Deploy.0 = Debug|Any CPU
		{06D0911D-B2D8-4F79-B2EE-0BDA14DAD9E3}.Release|Any CPU.ActiveCfg = Release|Any CPU
		{06D0911D-B2D8-4F79-B2EE-0BDA14DAD9E3}.Release|Any CPU.Build.0 = Release|Any CPU
		{06D0911D-B2D8-4F79-B2EE-0BDA14DAD9E3}.Release|Any CPU.Deploy.0 = Release|Any CPU
		{0B3DA6EC-B274-4DB3-AC4B-8F25CC1F7550}.Debug|Any CPU.ActiveCfg = Debug|Any CPU
		{0B3DA6EC-B274-4DB3-AC4B-8F25CC1F7550}.Debug|Any CPU.Build.0 = Debug|Any CPU
		{0B3DA6EC-B274-4DB3-AC4B-8F25CC1F7550}.Debug|Any CPU.Deploy.0 = Debug|Any CPU
		{0B3DA6EC-B274-4DB3-AC4B-8F25CC1F7550}.Release|Any CPU.ActiveCfg = Release|Any CPU
		{0B3DA6EC-B274-4DB3-AC4B-8F25CC1F7550}.Release|Any CPU.Build.0 = Release|Any CPU
		{0B3DA6EC-B274-4DB3-AC4B-8F25CC1F7550}.Release|Any CPU.Deploy.0 = Release|Any CPU
		{3A37D355-4CF4-4F27-9121-13B3BAE131ED}.Debug|Any CPU.ActiveCfg = Debug|Any CPU
		{3A37D355-4CF4-4F27-9121-13B3BAE131ED}.Debug|Any CPU.Build.0 = Debug|Any CPU
		{3A37D355-4CF4-4F27-9121-13B3BAE131ED}.Debug|Any CPU.Deploy.0 = Debug|Any CPU
		{3A37D355-4CF4-4F27-9121-13B3BAE131ED}.Release|Any CPU.ActiveCfg = Release|Any CPU
		{3A37D355-4CF4-4F27-9121-13B3BAE131ED}.Release|Any CPU.Build.0 = Release|Any CPU
		{3A37D355-4CF4-4F27-9121-13B3BAE131ED}.Release|Any CPU.Deploy.0 = Release|Any CPU
		{89CE95AE-C6E6-47D9-8957-538442C618EF}.Debug|Any CPU.ActiveCfg = Debug|Any CPU
		{89CE95AE-C6E6-47D9-8957-538442C618EF}.Debug|Any CPU.Build.0 = Debug|Any CPU
		{89CE95AE-C6E6-47D9-8957-538442C618EF}.Debug|Any CPU.Deploy.0 = Debug|Any CPU
		{89CE95AE-C6E6-47D9-8957-538442C618EF}.Release|Any CPU.ActiveCfg = Release|Any CPU
		{89CE95AE-C6E6-47D9-8957-538442C618EF}.Release|Any CPU.Build.0 = Release|Any CPU
		{89CE95AE-C6E6-47D9-8957-538442C618EF}.Release|Any CPU.Deploy.0 = Release|Any CPU
		{2A6DCC87-4291-4830-8CDC-208C5BEA65FC}.Debug|Any CPU.ActiveCfg = Debug|Any CPU
		{2A6DCC87-4291-4830-8CDC-208C5BEA65FC}.Debug|Any CPU.Build.0 = Debug|Any CPU
		{2A6DCC87-4291-4830-8CDC-208C5BEA65FC}.Debug|Any CPU.Deploy.0 = Debug|Any CPU
		{2A6DCC87-4291-4830-8CDC-208C5BEA65FC}.Release|Any CPU.ActiveCfg = Release|Any CPU
		{2A6DCC87-4291-4830-8CDC-208C5BEA65FC}.Release|Any CPU.Build.0 = Release|Any CPU
		{2A6DCC87-4291-4830-8CDC-208C5BEA65FC}.Release|Any CPU.Deploy.0 = Release|Any CPU
		{9BD8BB24-BE1E-46C8-8684-B5B86B4BBAFD}.Debug|Any CPU.ActiveCfg = Debug|Any CPU
		{9BD8BB24-BE1E-46C8-8684-B5B86B4BBAFD}.Debug|Any CPU.Build.0 = Debug|Any CPU
		{9BD8BB24-BE1E-46C8-8684-B5B86B4BBAFD}.Debug|Any CPU.Deploy.0 = Debug|Any CPU
		{9BD8BB24-BE1E-46C8-8684-B5B86B4BBAFD}.Release|Any CPU.ActiveCfg = Release|Any CPU
		{9BD8BB24-BE1E-46C8-8684-B5B86B4BBAFD}.Release|Any CPU.Build.0 = Release|Any CPU
		{9BD8BB24-BE1E-46C8-8684-B5B86B4BBAFD}.Release|Any CPU.Deploy.0 = Release|Any CPU
		{1604B2FF-FDCB-4262-A31F-D57A087B81E9}.Debug|Any CPU.ActiveCfg = Debug|Any CPU
		{1604B2FF-FDCB-4262-A31F-D57A087B81E9}.Debug|Any CPU.Build.0 = Debug|Any CPU
		{1604B2FF-FDCB-4262-A31F-D57A087B81E9}.Debug|Any CPU.Deploy.0 = Debug|Any CPU
		{1604B2FF-FDCB-4262-A31F-D57A087B81E9}.Release|Any CPU.ActiveCfg = Release|Any CPU
		{1604B2FF-FDCB-4262-A31F-D57A087B81E9}.Release|Any CPU.Build.0 = Release|Any CPU
		{1604B2FF-FDCB-4262-A31F-D57A087B81E9}.Release|Any CPU.Deploy.0 = Release|Any CPU
		{52363FA3-50C2-4AD9-8094-FC898C81F4C7}.Debug|Any CPU.ActiveCfg = Debug|Any CPU
		{52363FA3-50C2-4AD9-8094-FC898C81F4C7}.Debug|Any CPU.Build.0 = Debug|Any CPU
		{52363FA3-50C2-4AD9-8094-FC898C81F4C7}.Debug|Any CPU.Deploy.0 = Debug|Any CPU
		{52363FA3-50C2-4AD9-8094-FC898C81F4C7}.Release|Any CPU.ActiveCfg = Release|Any CPU
		{52363FA3-50C2-4AD9-8094-FC898C81F4C7}.Release|Any CPU.Build.0 = Release|Any CPU
		{52363FA3-50C2-4AD9-8094-FC898C81F4C7}.Release|Any CPU.Deploy.0 = Release|Any CPU
		{9D7BFD3F-8CAF-4F98-A113-0D08E2B47963}.Debug|Any CPU.ActiveCfg = Debug|Any CPU
		{9D7BFD3F-8CAF-4F98-A113-0D08E2B47963}.Debug|Any CPU.Build.0 = Debug|Any CPU
		{9D7BFD3F-8CAF-4F98-A113-0D08E2B47963}.Release|Any CPU.ActiveCfg = Release|Any CPU
		{9D7BFD3F-8CAF-4F98-A113-0D08E2B47963}.Release|Any CPU.Build.0 = Release|Any CPU
		{86FAD7AB-8341-4033-BF51-45CE90CF5277}.Debug|Any CPU.ActiveCfg = Debug|Any CPU
		{86FAD7AB-8341-4033-BF51-45CE90CF5277}.Debug|Any CPU.Build.0 = Debug|Any CPU
		{86FAD7AB-8341-4033-BF51-45CE90CF5277}.Release|Any CPU.ActiveCfg = Release|Any CPU
		{86FAD7AB-8341-4033-BF51-45CE90CF5277}.Release|Any CPU.Build.0 = Release|Any CPU
		{D95D3D73-2C11-4B1A-96AC-62831954AEF1}.Debug|Any CPU.ActiveCfg = Debug|Any CPU
		{D95D3D73-2C11-4B1A-96AC-62831954AEF1}.Debug|Any CPU.Build.0 = Debug|Any CPU
		{D95D3D73-2C11-4B1A-96AC-62831954AEF1}.Release|Any CPU.ActiveCfg = Release|Any CPU
		{D95D3D73-2C11-4B1A-96AC-62831954AEF1}.Release|Any CPU.Build.0 = Release|Any CPU
		{62BE69DA-3571-440D-AD1A-2F339B8F0566}.Debug|Any CPU.ActiveCfg = Debug|Any CPU
		{62BE69DA-3571-440D-AD1A-2F339B8F0566}.Debug|Any CPU.Build.0 = Debug|Any CPU
		{62BE69DA-3571-440D-AD1A-2F339B8F0566}.Debug|Any CPU.Deploy.0 = Debug|Any CPU
		{62BE69DA-3571-440D-AD1A-2F339B8F0566}.Release|Any CPU.ActiveCfg = Release|Any CPU
		{62BE69DA-3571-440D-AD1A-2F339B8F0566}.Release|Any CPU.Build.0 = Release|Any CPU
		{62BE69DA-3571-440D-AD1A-2F339B8F0566}.Release|Any CPU.Deploy.0 = Release|Any CPU
		{BA3D2FC3-6B68-4446-B78F-22D2B959A5B7}.Debug|Any CPU.ActiveCfg = Debug|Any CPU
		{BA3D2FC3-6B68-4446-B78F-22D2B959A5B7}.Debug|Any CPU.Build.0 = Debug|Any CPU
		{BA3D2FC3-6B68-4446-B78F-22D2B959A5B7}.Debug|Any CPU.Deploy.0 = Debug|Any CPU
		{BA3D2FC3-6B68-4446-B78F-22D2B959A5B7}.Release|Any CPU.ActiveCfg = Release|Any CPU
		{BA3D2FC3-6B68-4446-B78F-22D2B959A5B7}.Release|Any CPU.Build.0 = Release|Any CPU
		{BA3D2FC3-6B68-4446-B78F-22D2B959A5B7}.Release|Any CPU.Deploy.0 = Release|Any CPU
		{35C817D7-CBEC-4336-B2AC-0614A195A649}.Debug|Any CPU.ActiveCfg = Debug|Any CPU
		{35C817D7-CBEC-4336-B2AC-0614A195A649}.Debug|Any CPU.Build.0 = Debug|Any CPU
		{35C817D7-CBEC-4336-B2AC-0614A195A649}.Debug|Any CPU.Deploy.0 = Debug|Any CPU
		{35C817D7-CBEC-4336-B2AC-0614A195A649}.Release|Any CPU.ActiveCfg = Release|Any CPU
		{35C817D7-CBEC-4336-B2AC-0614A195A649}.Release|Any CPU.Build.0 = Release|Any CPU
		{35C817D7-CBEC-4336-B2AC-0614A195A649}.Release|Any CPU.Deploy.0 = Release|Any CPU
	EndGlobalSection
	GlobalSection(SolutionProperties) = preSolution
		HideSolutionNode = FALSE
	EndGlobalSection
	GlobalSection(NestedProjects) = preSolution
		{3A37D355-4CF4-4F27-9121-13B3BAE131ED} = {B50847A3-0558-4B37-B036-CD5F7DEF933E}
		{89CE95AE-C6E6-47D9-8957-538442C618EF} = {B50847A3-0558-4B37-B036-CD5F7DEF933E}
		{2A6DCC87-4291-4830-8CDC-208C5BEA65FC} = {B50847A3-0558-4B37-B036-CD5F7DEF933E}
		{9BD8BB24-BE1E-46C8-8684-B5B86B4BBAFD} = {B50847A3-0558-4B37-B036-CD5F7DEF933E}
		{1604B2FF-FDCB-4262-A31F-D57A087B81E9} = {B50847A3-0558-4B37-B036-CD5F7DEF933E}
		{62BE69DA-3571-440D-AD1A-2F339B8F0566} = {0FC44A16-58E5-4965-879D-A702BA4861A7}
		{BA3D2FC3-6B68-4446-B78F-22D2B959A5B7} = {65E26E51-1BD7-4AE3-B557-45892C739814}
	EndGlobalSection
	GlobalSection(ExtensibilityGlobals) = postSolution
		SolutionGuid = {DD87C37E-1325-4A17-8EB9-1D6AF1EB7800}
	EndGlobalSection
EndGlobal
