
Microsoft Visual Studio Solution File, Format Version 12.00
# Visual Studio Version 17
VisualStudioVersion = 17.1.31903.286
MinimumVisualStudioVersion = 10.0.40219.1
Project("{2150E333-8FDC-42A3-9474-1A3956D46DE8}") = "Scripts", "Scripts", "{5E1C8C28-CB59-4500-AFFC-B93CD82CE91F}"
	ProjectSection(SolutionItems) = preProject
		DeployToSmartHomePi.txt = DeployToSmartHomePi.txt
		IotHubEventsListener.ps1 = IotHubEventsListener.ps1
		start.ps1 = start.ps1
	EndProjectSection
EndProject
Project("{2150E333-8FDC-42A3-9474-1A3956D46DE8}") = "Libs", "Libs", "{0FC44A16-58E5-4965-879D-A702BA4861A7}"
EndProject
Project("{2150E333-8FDC-42A3-9474-1A3956D46DE8}") = "Tests", "Tests", "{65E26E51-1BD7-4AE3-B557-45892C739814}"
EndProject
Project("{2150E333-8FDC-42A3-9474-1A3956D46DE8}") = "Solution Items", "Solution Items", "{F9215E1E-48A8-4645-A386-353A485E6C36}"
	ProjectSection(SolutionItems) = preProject
		.gitignore = .gitignore
		Dockerfile = Dockerfile
		.github\workflows\SmartHome.web.yml = .github\workflows\SmartHome.web.yml
		start.ps1 = start.ps1
	EndProjectSection
EndProject
Project("{9A19103F-16F7-4668-BE54-9A1E7A4F7556}") = "SharedContracts", "Shared.Contracts\SharedContracts.csproj", "{6116DC9B-B2C8-4B9B-A6C1-6B8FBF9665BE}"
EndProject
Project("{9A19103F-16F7-4668-BE54-9A1E7A4F7556}") = "PowerDog.Tests", "PowerDog.Tests\PowerDog.Tests.csproj", "{05295B68-804C-427E-9AA3-B61A047F2542}"
EndProject
Project("{9A19103F-16F7-4668-BE54-9A1E7A4F7556}") = "Smarthome.Web", "Smarthome.Web\Smarthome.Web.csproj", "{5B2CAF29-EC71-4552-9D1F-AC7C04214D7C}"
EndProject
Project("{9A19103F-16F7-4668-BE54-9A1E7A4F7556}") = "Keba.Tests", "Keba.Tests\Keba.Tests.csproj", "{70ED027E-E156-494D-A7BD-E6392FEF03E5}"
EndProject
Project("{9A19103F-16F7-4668-BE54-9A1E7A4F7556}") = "HelpersLib", "HelpersLib\HelpersLib.csproj", "{5F2521E0-8952-452F-B615-61B72EE5FD02}"
EndProject
Project("{2150E333-8FDC-42A3-9474-1A3956D46DE8}") = "Services", "Services", "{0E878E25-080D-4396-B729-4B22C2D21F9E}"
EndProject
Project("{9A19103F-16F7-4668-BE54-9A1E7A4F7556}") = "PowerDogLib", "PowerDog\PowerDogLib.csproj", "{92EC2B06-8607-4E97-B110-253F271371DA}"
EndProject
Project("{9A19103F-16F7-4668-BE54-9A1E7A4F7556}") = "KebaLib", "KebaLib\KebaLib.csproj", "{E2346F99-AD19-4A6D-B131-39B4B311D28C}"
EndProject
Project("{9A19103F-16F7-4668-BE54-9A1E7A4F7556}") = "PVService", "PVService\PVService.csproj", "{B5B7C3B3-C94D-4EBA-9151-AFB3CBA57701}"
EndProject
Project("{9A19103F-16F7-4668-BE54-9A1E7A4F7556}") = "ChargingService", "ChargingService\ChargingService.csproj", "{C7158F1F-1A7C-4246-ABC7-E55F433DAD69}"
EndProject
Project("{9A19103F-16F7-4668-BE54-9A1E7A4F7556}") = "Secrets", "Secrets\Secrets.csproj", "{BFF64806-F021-4EA5-9B5B-E5A77471012E}"
EndProject
Project("{9A19103F-16F7-4668-BE54-9A1E7A4F7556}") = "SensorDataService", "SensorDataService\SensorDataService.csproj", "{8D8864DE-AADC-468A-9132-DC9FE433F9DE}"
EndProject
Project("{9A19103F-16F7-4668-BE54-9A1E7A4F7556}") = "SensorData.Tests", "SensorData.Tests\SensorData.Tests.csproj", "{73343C56-7B9F-413A-A6FE-A54FA30F5098}"
EndProject
Project("{9A19103F-16F7-4668-BE54-9A1E7A4F7556}") = "StorageLib", "StorageLib\StorageLib.csproj", "{4EA4B90B-40E6-4E5E-918B-FFAF3EFF362B}"
EndProject
Project("{9A19103F-16F7-4668-BE54-9A1E7A4F7556}") = "TapoLib", "TapoLib\TapoLib.csproj", "{074AC003-310C-4A29-B083-9A96C80F5BFF}"
EndProject
Project("{9A19103F-16F7-4668-BE54-9A1E7A4F7556}") = "StorageService", "StorageService\StorageService.csproj", "{E4B967A7-55BA-4711-815D-36ED4A8D5B4E}"
EndProject
Project("{9A19103F-16F7-4668-BE54-9A1E7A4F7556}") = "ShellyLib", "ShellyLib\ShellyLib.csproj", "{DC0C938F-CACB-4837-A05C-C6CCC0049460}"
EndProject
Project("{9A19103F-16F7-4668-BE54-9A1E7A4F7556}") = "ShellyLibTests", "ShellyLibTests\ShellyLibTests.csproj", "{2E0B9189-FAD2-49ED-96B5-9F6EF39D37BB}"
EndProject
Project("{9A19103F-16F7-4668-BE54-9A1E7A4F7556}") = "ServicesTests", "ServicesTests\ServicesTests.csproj", "{11538673-2609-4286-97F0-168DB31F7D01}"
EndProject
Global
	GlobalSection(SolutionConfigurationPlatforms) = preSolution
		Debug|Any CPU = Debug|Any CPU
		Dev|Any CPU = Dev|Any CPU
		Release|Any CPU = Release|Any CPU
	EndGlobalSection
	GlobalSection(ProjectConfigurationPlatforms) = postSolution
		{6116DC9B-B2C8-4B9B-A6C1-6B8FBF9665BE}.Debug|Any CPU.ActiveCfg = Debug|Any CPU
		{6116DC9B-B2C8-4B9B-A6C1-6B8FBF9665BE}.Debug|Any CPU.Build.0 = Debug|Any CPU
		{6116DC9B-B2C8-4B9B-A6C1-6B8FBF9665BE}.Dev|Any CPU.ActiveCfg = Debug|Any CPU
		{6116DC9B-B2C8-4B9B-A6C1-6B8FBF9665BE}.Dev|Any CPU.Build.0 = Debug|Any CPU
		{6116DC9B-B2C8-4B9B-A6C1-6B8FBF9665BE}.Release|Any CPU.ActiveCfg = Release|Any CPU
		{6116DC9B-B2C8-4B9B-A6C1-6B8FBF9665BE}.Release|Any CPU.Build.0 = Release|Any CPU
		{05295B68-804C-427E-9AA3-B61A047F2542}.Debug|Any CPU.ActiveCfg = Debug|Any CPU
		{05295B68-804C-427E-9AA3-B61A047F2542}.Debug|Any CPU.Build.0 = Debug|Any CPU
		{05295B68-804C-427E-9AA3-B61A047F2542}.Dev|Any CPU.ActiveCfg = Debug|Any CPU
		{05295B68-804C-427E-9AA3-B61A047F2542}.Dev|Any CPU.Build.0 = Debug|Any CPU
		{05295B68-804C-427E-9AA3-B61A047F2542}.Release|Any CPU.ActiveCfg = Release|Any CPU
		{05295B68-804C-427E-9AA3-B61A047F2542}.Release|Any CPU.Build.0 = Release|Any CPU
		{5B2CAF29-EC71-4552-9D1F-AC7C04214D7C}.Debug|Any CPU.ActiveCfg = Debug|Any CPU
		{5B2CAF29-EC71-4552-9D1F-AC7C04214D7C}.Debug|Any CPU.Build.0 = Debug|Any CPU
		{5B2CAF29-EC71-4552-9D1F-AC7C04214D7C}.Dev|Any CPU.ActiveCfg = Debug|Any CPU
		{5B2CAF29-EC71-4552-9D1F-AC7C04214D7C}.Dev|Any CPU.Build.0 = Debug|Any CPU
		{5B2CAF29-EC71-4552-9D1F-AC7C04214D7C}.Release|Any CPU.ActiveCfg = Release|Any CPU
		{5B2CAF29-EC71-4552-9D1F-AC7C04214D7C}.Release|Any CPU.Build.0 = Release|Any CPU
		{70ED027E-E156-494D-A7BD-E6392FEF03E5}.Debug|Any CPU.ActiveCfg = Debug|Any CPU
		{70ED027E-E156-494D-A7BD-E6392FEF03E5}.Debug|Any CPU.Build.0 = Debug|Any CPU
		{70ED027E-E156-494D-A7BD-E6392FEF03E5}.Dev|Any CPU.ActiveCfg = Debug|Any CPU
		{70ED027E-E156-494D-A7BD-E6392FEF03E5}.Dev|Any CPU.Build.0 = Debug|Any CPU
		{70ED027E-E156-494D-A7BD-E6392FEF03E5}.Release|Any CPU.ActiveCfg = Release|Any CPU
		{70ED027E-E156-494D-A7BD-E6392FEF03E5}.Release|Any CPU.Build.0 = Release|Any CPU
		{5F2521E0-8952-452F-B615-61B72EE5FD02}.Debug|Any CPU.ActiveCfg = Debug|Any CPU
		{5F2521E0-8952-452F-B615-61B72EE5FD02}.Debug|Any CPU.Build.0 = Debug|Any CPU
		{5F2521E0-8952-452F-B615-61B72EE5FD02}.Dev|Any CPU.ActiveCfg = Debug|Any CPU
		{5F2521E0-8952-452F-B615-61B72EE5FD02}.Dev|Any CPU.Build.0 = Debug|Any CPU
		{5F2521E0-8952-452F-B615-61B72EE5FD02}.Release|Any CPU.ActiveCfg = Release|Any CPU
		{5F2521E0-8952-452F-B615-61B72EE5FD02}.Release|Any CPU.Build.0 = Release|Any CPU
		{92EC2B06-8607-4E97-B110-253F271371DA}.Debug|Any CPU.ActiveCfg = Debug|Any CPU
		{92EC2B06-8607-4E97-B110-253F271371DA}.Debug|Any CPU.Build.0 = Debug|Any CPU
		{92EC2B06-8607-4E97-B110-253F271371DA}.Dev|Any CPU.ActiveCfg = Debug|Any CPU
		{92EC2B06-8607-4E97-B110-253F271371DA}.Dev|Any CPU.Build.0 = Debug|Any CPU
		{92EC2B06-8607-4E97-B110-253F271371DA}.Release|Any CPU.ActiveCfg = Release|Any CPU
		{92EC2B06-8607-4E97-B110-253F271371DA}.Release|Any CPU.Build.0 = Release|Any CPU
		{E2346F99-AD19-4A6D-B131-39B4B311D28C}.Debug|Any CPU.ActiveCfg = Debug|Any CPU
		{E2346F99-AD19-4A6D-B131-39B4B311D28C}.Debug|Any CPU.Build.0 = Debug|Any CPU
		{E2346F99-AD19-4A6D-B131-39B4B311D28C}.Dev|Any CPU.ActiveCfg = Debug|Any CPU
		{E2346F99-AD19-4A6D-B131-39B4B311D28C}.Dev|Any CPU.Build.0 = Debug|Any CPU
		{E2346F99-AD19-4A6D-B131-39B4B311D28C}.Release|Any CPU.ActiveCfg = Release|Any CPU
		{E2346F99-AD19-4A6D-B131-39B4B311D28C}.Release|Any CPU.Build.0 = Release|Any CPU
		{B5B7C3B3-C94D-4EBA-9151-AFB3CBA57701}.Debug|Any CPU.ActiveCfg = Debug|Any CPU
		{B5B7C3B3-C94D-4EBA-9151-AFB3CBA57701}.Debug|Any CPU.Build.0 = Debug|Any CPU
		{B5B7C3B3-C94D-4EBA-9151-AFB3CBA57701}.Dev|Any CPU.ActiveCfg = Debug|Any CPU
		{B5B7C3B3-C94D-4EBA-9151-AFB3CBA57701}.Dev|Any CPU.Build.0 = Debug|Any CPU
		{B5B7C3B3-C94D-4EBA-9151-AFB3CBA57701}.Release|Any CPU.ActiveCfg = Release|Any CPU
		{B5B7C3B3-C94D-4EBA-9151-AFB3CBA57701}.Release|Any CPU.Build.0 = Release|Any CPU
		{C7158F1F-1A7C-4246-ABC7-E55F433DAD69}.Debug|Any CPU.ActiveCfg = Debug|Any CPU
		{C7158F1F-1A7C-4246-ABC7-E55F433DAD69}.Debug|Any CPU.Build.0 = Debug|Any CPU
		{C7158F1F-1A7C-4246-ABC7-E55F433DAD69}.Dev|Any CPU.ActiveCfg = Debug|Any CPU
		{C7158F1F-1A7C-4246-ABC7-E55F433DAD69}.Dev|Any CPU.Build.0 = Debug|Any CPU
		{C7158F1F-1A7C-4246-ABC7-E55F433DAD69}.Release|Any CPU.ActiveCfg = Release|Any CPU
		{C7158F1F-1A7C-4246-ABC7-E55F433DAD69}.Release|Any CPU.Build.0 = Release|Any CPU
		{BFF64806-F021-4EA5-9B5B-E5A77471012E}.Debug|Any CPU.ActiveCfg = Debug|Any CPU
		{BFF64806-F021-4EA5-9B5B-E5A77471012E}.Debug|Any CPU.Build.0 = Debug|Any CPU
		{BFF64806-F021-4EA5-9B5B-E5A77471012E}.Dev|Any CPU.ActiveCfg = Debug|Any CPU
		{BFF64806-F021-4EA5-9B5B-E5A77471012E}.Dev|Any CPU.Build.0 = Debug|Any CPU
		{BFF64806-F021-4EA5-9B5B-E5A77471012E}.Release|Any CPU.ActiveCfg = Release|Any CPU
		{BFF64806-F021-4EA5-9B5B-E5A77471012E}.Release|Any CPU.Build.0 = Release|Any CPU
		{8D8864DE-AADC-468A-9132-DC9FE433F9DE}.Debug|Any CPU.ActiveCfg = Debug|Any CPU
		{8D8864DE-AADC-468A-9132-DC9FE433F9DE}.Debug|Any CPU.Build.0 = Debug|Any CPU
		{8D8864DE-AADC-468A-9132-DC9FE433F9DE}.Dev|Any CPU.ActiveCfg = Debug|Any CPU
		{8D8864DE-AADC-468A-9132-DC9FE433F9DE}.Dev|Any CPU.Build.0 = Debug|Any CPU
		{8D8864DE-AADC-468A-9132-DC9FE433F9DE}.Release|Any CPU.ActiveCfg = Release|Any CPU
		{8D8864DE-AADC-468A-9132-DC9FE433F9DE}.Release|Any CPU.Build.0 = Release|Any CPU
		{73343C56-7B9F-413A-A6FE-A54FA30F5098}.Debug|Any CPU.ActiveCfg = Debug|Any CPU
		{73343C56-7B9F-413A-A6FE-A54FA30F5098}.Debug|Any CPU.Build.0 = Debug|Any CPU
		{73343C56-7B9F-413A-A6FE-A54FA30F5098}.Dev|Any CPU.ActiveCfg = Debug|Any CPU
		{73343C56-7B9F-413A-A6FE-A54FA30F5098}.Dev|Any CPU.Build.0 = Debug|Any CPU
		{73343C56-7B9F-413A-A6FE-A54FA30F5098}.Release|Any CPU.ActiveCfg = Release|Any CPU
		{73343C56-7B9F-413A-A6FE-A54FA30F5098}.Release|Any CPU.Build.0 = Release|Any CPU
		{4EA4B90B-40E6-4E5E-918B-FFAF3EFF362B}.Debug|Any CPU.ActiveCfg = Debug|Any CPU
		{4EA4B90B-40E6-4E5E-918B-FFAF3EFF362B}.Debug|Any CPU.Build.0 = Debug|Any CPU
		{4EA4B90B-40E6-4E5E-918B-FFAF3EFF362B}.Dev|Any CPU.ActiveCfg = Debug|Any CPU
		{4EA4B90B-40E6-4E5E-918B-FFAF3EFF362B}.Dev|Any CPU.Build.0 = Debug|Any CPU
		{4EA4B90B-40E6-4E5E-918B-FFAF3EFF362B}.Release|Any CPU.ActiveCfg = Release|Any CPU
		{4EA4B90B-40E6-4E5E-918B-FFAF3EFF362B}.Release|Any CPU.Build.0 = Release|Any CPU
		{074AC003-310C-4A29-B083-9A96C80F5BFF}.Debug|Any CPU.ActiveCfg = Debug|Any CPU
		{074AC003-310C-4A29-B083-9A96C80F5BFF}.Debug|Any CPU.Build.0 = Debug|Any CPU
		{074AC003-310C-4A29-B083-9A96C80F5BFF}.Dev|Any CPU.ActiveCfg = Debug|Any CPU
		{074AC003-310C-4A29-B083-9A96C80F5BFF}.Dev|Any CPU.Build.0 = Debug|Any CPU
		{074AC003-310C-4A29-B083-9A96C80F5BFF}.Release|Any CPU.ActiveCfg = Release|Any CPU
		{074AC003-310C-4A29-B083-9A96C80F5BFF}.Release|Any CPU.Build.0 = Release|Any CPU
		{E4B967A7-55BA-4711-815D-36ED4A8D5B4E}.Debug|Any CPU.ActiveCfg = Debug|Any CPU
		{E4B967A7-55BA-4711-815D-36ED4A8D5B4E}.Debug|Any CPU.Build.0 = Debug|Any CPU
		{E4B967A7-55BA-4711-815D-36ED4A8D5B4E}.Dev|Any CPU.ActiveCfg = Debug|Any CPU
		{E4B967A7-55BA-4711-815D-36ED4A8D5B4E}.Dev|Any CPU.Build.0 = Debug|Any CPU
		{E4B967A7-55BA-4711-815D-36ED4A8D5B4E}.Release|Any CPU.ActiveCfg = Release|Any CPU
		{E4B967A7-55BA-4711-815D-36ED4A8D5B4E}.Release|Any CPU.Build.0 = Release|Any CPU
		{DC0C938F-CACB-4837-A05C-C6CCC0049460}.Debug|Any CPU.ActiveCfg = Debug|Any CPU
		{DC0C938F-CACB-4837-A05C-C6CCC0049460}.Debug|Any CPU.Build.0 = Debug|Any CPU
		{DC0C938F-CACB-4837-A05C-C6CCC0049460}.Dev|Any CPU.ActiveCfg = Debug|Any CPU
		{DC0C938F-CACB-4837-A05C-C6CCC0049460}.Dev|Any CPU.Build.0 = Debug|Any CPU
		{DC0C938F-CACB-4837-A05C-C6CCC0049460}.Release|Any CPU.ActiveCfg = Release|Any CPU
		{DC0C938F-CACB-4837-A05C-C6CCC0049460}.Release|Any CPU.Build.0 = Release|Any CPU
		{2E0B9189-FAD2-49ED-96B5-9F6EF39D37BB}.Debug|Any CPU.ActiveCfg = Debug|Any CPU
		{2E0B9189-FAD2-49ED-96B5-9F6EF39D37BB}.Debug|Any CPU.Build.0 = Debug|Any CPU
		{2E0B9189-FAD2-49ED-96B5-9F6EF39D37BB}.Dev|Any CPU.ActiveCfg = Debug|Any CPU
		{2E0B9189-FAD2-49ED-96B5-9F6EF39D37BB}.Dev|Any CPU.Build.0 = Debug|Any CPU
		{2E0B9189-FAD2-49ED-96B5-9F6EF39D37BB}.Release|Any CPU.ActiveCfg = Release|Any CPU
		{2E0B9189-FAD2-49ED-96B5-9F6EF39D37BB}.Release|Any CPU.Build.0 = Release|Any CPU
		{11538673-2609-4286-97F0-168DB31F7D01}.Debug|Any CPU.ActiveCfg = Debug|Any CPU
		{11538673-2609-4286-97F0-168DB31F7D01}.Debug|Any CPU.Build.0 = Debug|Any CPU
		{11538673-2609-4286-97F0-168DB31F7D01}.Dev|Any CPU.ActiveCfg = Debug|Any CPU
		{11538673-2609-4286-97F0-168DB31F7D01}.Dev|Any CPU.Build.0 = Debug|Any CPU
		{11538673-2609-4286-97F0-168DB31F7D01}.Release|Any CPU.ActiveCfg = Release|Any CPU
		{11538673-2609-4286-97F0-168DB31F7D01}.Release|Any CPU.Build.0 = Release|Any CPU
	EndGlobalSection
	GlobalSection(SolutionProperties) = preSolution
		HideSolutionNode = FALSE
	EndGlobalSection
	GlobalSection(NestedProjects) = preSolution
		{05295B68-804C-427E-9AA3-B61A047F2542} = {65E26E51-1BD7-4AE3-B557-45892C739814}
		{70ED027E-E156-494D-A7BD-E6392FEF03E5} = {65E26E51-1BD7-4AE3-B557-45892C739814}
		{5F2521E0-8952-452F-B615-61B72EE5FD02} = {0FC44A16-58E5-4965-879D-A702BA4861A7}
		{92EC2B06-8607-4E97-B110-253F271371DA} = {0FC44A16-58E5-4965-879D-A702BA4861A7}
		{E2346F99-AD19-4A6D-B131-39B4B311D28C} = {0FC44A16-58E5-4965-879D-A702BA4861A7}
		{B5B7C3B3-C94D-4EBA-9151-AFB3CBA57701} = {0E878E25-080D-4396-B729-4B22C2D21F9E}
		{C7158F1F-1A7C-4246-ABC7-E55F433DAD69} = {0E878E25-080D-4396-B729-4B22C2D21F9E}
		{8D8864DE-AADC-468A-9132-DC9FE433F9DE} = {0E878E25-080D-4396-B729-4B22C2D21F9E}
		{73343C56-7B9F-413A-A6FE-A54FA30F5098} = {65E26E51-1BD7-4AE3-B557-45892C739814}
		{4EA4B90B-40E6-4E5E-918B-FFAF3EFF362B} = {0FC44A16-58E5-4965-879D-A702BA4861A7}
		{074AC003-310C-4A29-B083-9A96C80F5BFF} = {0FC44A16-58E5-4965-879D-A702BA4861A7}
		{E4B967A7-55BA-4711-815D-36ED4A8D5B4E} = {0E878E25-080D-4396-B729-4B22C2D21F9E}
		{DC0C938F-CACB-4837-A05C-C6CCC0049460} = {0FC44A16-58E5-4965-879D-A702BA4861A7}
		{2E0B9189-FAD2-49ED-96B5-9F6EF39D37BB} = {65E26E51-1BD7-4AE3-B557-45892C739814}
		{11538673-2609-4286-97F0-168DB31F7D01} = {65E26E51-1BD7-4AE3-B557-45892C739814}
	EndGlobalSection
	GlobalSection(ExtensibilityGlobals) = postSolution
		SolutionGuid = {DD87C37E-1325-4A17-8EB9-1D6AF1EB7800}
	EndGlobalSection
EndGlobal
